// !$*UTF8*$!
{
	archiveVersion = 1;
	classes = {
	};
	objectVersion = 55;
	objects = {

/* Begin PBXBuildFile section */
		2C0FD8AD28B065FE0004337C /* PictureFeedCell.swift in Sources */ = {isa = PBXBuildFile; fileRef = 2C0FD8AC28B065FE0004337C /* PictureFeedCell.swift */; };
		2C0FD8AF28B066380004337C /* AuctionCollectionViewCell.swift in Sources */ = {isa = PBXBuildFile; fileRef = 2C0FD8AE28B066380004337C /* AuctionCollectionViewCell.swift */; };
		2C0FD8B128B0667C0004337C /* PictureItemModel.swift in Sources */ = {isa = PBXBuildFile; fileRef = 2C0FD8B028B0667C0004337C /* PictureItemModel.swift */; };
		2C0FD8B428B06AC10004337C /* PictureDetailViewController.swift in Sources */ = {isa = PBXBuildFile; fileRef = 2C0FD8B328B06AC10004337C /* PictureDetailViewController.swift */; };
		2C24973328B1694C00551795 /* PictureManager.swift in Sources */ = {isa = PBXBuildFile; fileRef = 2C24973228B1694C00551795 /* PictureManager.swift */; };
		2C24973528B16B1500551795 /* AuthManager.swift in Sources */ = {isa = PBXBuildFile; fileRef = 2C24973428B16B1500551795 /* AuthManager.swift */; };
		2C24973728B17B2100551795 /* ImageManager.swift in Sources */ = {isa = PBXBuildFile; fileRef = 2C24973628B17B2100551795 /* ImageManager.swift */; };
		2C24973A28B17C0400551795 /* Kingfisher in Frameworks */ = {isa = PBXBuildFile; productRef = 2C24973928B17C0400551795 /* Kingfisher */; };
		2C24973F28B1815900551795 /* FeedPictureModel.swift in Sources */ = {isa = PBXBuildFile; fileRef = 2C24973E28B1815900551795 /* FeedPictureModel.swift */; };
		2C24974128B1818000551795 /* CircleFeedAuctionModel.swift in Sources */ = {isa = PBXBuildFile; fileRef = 2C24974028B1818000551795 /* CircleFeedAuctionModel.swift */; };
		2C24974328B182AC00551795 /* ProfileViewModel.swift in Sources */ = {isa = PBXBuildFile; fileRef = 2C24974228B182AC00551795 /* ProfileViewModel.swift */; };
		2C54919F28B4BB9C0012032B /* OrderInfoViewController.swift in Sources */ = {isa = PBXBuildFile; fileRef = 2C54919E28B4BB9C0012032B /* OrderInfoViewController.swift */; };
		2C5491A428B4BE720012032B /* PictureView.swift in Sources */ = {isa = PBXBuildFile; fileRef = 2C5491A328B4BE720012032B /* PictureView.swift */; };
		2C5491A628B4BF3D0012032B /* PaymentModel.swift in Sources */ = {isa = PBXBuildFile; fileRef = 2C5491A528B4BF3D0012032B /* PaymentModel.swift */; };
		2C5491A828B4BF7D0012032B /* PaymentView.swift in Sources */ = {isa = PBXBuildFile; fileRef = 2C5491A728B4BF7D0012032B /* PaymentView.swift */; };
		2C5491AA28B4C0150012032B /* DeliveryModel.swift in Sources */ = {isa = PBXBuildFile; fileRef = 2C5491A928B4C0140012032B /* DeliveryModel.swift */; };
		2C5491AE28B4C7EE0012032B /* UIAlertController.swift in Sources */ = {isa = PBXBuildFile; fileRef = 2C5491AD28B4C7EE0012032B /* UIAlertController.swift */; };
		2C5491B028B4DD460012032B /* OrderDetailsViewController.swift in Sources */ = {isa = PBXBuildFile; fileRef = 2C5491AF28B4DD460012032B /* OrderDetailsViewController.swift */; };
		2C8C13DC28B52A4900AC3921 /* OrderModel.swift in Sources */ = {isa = PBXBuildFile; fileRef = 2C8C13DB28B52A4900AC3921 /* OrderModel.swift */; };
		2C8C13DE28B52A7400AC3921 /* OrdersTableViewCell.swift in Sources */ = {isa = PBXBuildFile; fileRef = 2C8C13DD28B52A7400AC3921 /* OrdersTableViewCell.swift */; };
		2C8C13E228B5669E00AC3921 /* FeedModelViewModel.swift in Sources */ = {isa = PBXBuildFile; fileRef = 2C8C13E128B5669E00AC3921 /* FeedModelViewModel.swift */; };
		2C8D7C9F28B219F80036E784 /* AboutMeViewController.swift in Sources */ = {isa = PBXBuildFile; fileRef = 2C8D7C9E28B219F80036E784 /* AboutMeViewController.swift */; };
		2C8D7CA128B22E930036E784 /* MyPicturesCell.swift in Sources */ = {isa = PBXBuildFile; fileRef = 2C8D7CA028B22E930036E784 /* MyPicturesCell.swift */; };
		2C97AFE328B299AD006CDD55 /* UserSettingsViewController.swift in Sources */ = {isa = PBXBuildFile; fileRef = 2C97AFE228B299AD006CDD55 /* UserSettingsViewController.swift */; };
		2C97AFE528B29D83006CDD55 /* AddressesManager.swift in Sources */ = {isa = PBXBuildFile; fileRef = 2C97AFE428B29D83006CDD55 /* AddressesManager.swift */; };
		2C97AFE928B2A035006CDD55 /* AddressesViewController.swift in Sources */ = {isa = PBXBuildFile; fileRef = 2C97AFE828B2A035006CDD55 /* AddressesViewController.swift */; };
		2C97AFEE28B2A8E6006CDD55 /* AddressCellModel.swift in Sources */ = {isa = PBXBuildFile; fileRef = 2C97AFED28B2A8E6006CDD55 /* AddressCellModel.swift */; };
		2C97AFF028B2A920006CDD55 /* AddressTableViewCell.swift in Sources */ = {isa = PBXBuildFile; fileRef = 2C97AFEF28B2A920006CDD55 /* AddressTableViewCell.swift */; };
		2C97AFF228B2A951006CDD55 /* AddressesViewModel.swift in Sources */ = {isa = PBXBuildFile; fileRef = 2C97AFF128B2A951006CDD55 /* AddressesViewModel.swift */; };
		2C97AFF928B2ADC8006CDD55 /* OrderViewController.swift in Sources */ = {isa = PBXBuildFile; fileRef = 2C97AFF828B2ADC8006CDD55 /* OrderViewController.swift */; };
		2C97AFFB28B2AEC7006CDD55 /* OrdersViewModel.swift in Sources */ = {isa = PBXBuildFile; fileRef = 2C97AFFA28B2AEC7006CDD55 /* OrdersViewModel.swift */; };
		2C97AFFD28B2AFD6006CDD55 /* OrderManager.swift in Sources */ = {isa = PBXBuildFile; fileRef = 2C97AFFC28B2AFD6006CDD55 /* OrderManager.swift */; };
		2C97B00228B2B830006CDD55 /* SettingsModel.swift in Sources */ = {isa = PBXBuildFile; fileRef = 2C97B00128B2B830006CDD55 /* SettingsModel.swift */; };
		2C97B00428B2B85D006CDD55 /* SettingsTableViewCell.swift in Sources */ = {isa = PBXBuildFile; fileRef = 2C97B00328B2B85D006CDD55 /* SettingsTableViewCell.swift */; };
		2C97B00628B2B931006CDD55 /* ProfilePictureModel.swift in Sources */ = {isa = PBXBuildFile; fileRef = 2C97B00528B2B931006CDD55 /* ProfilePictureModel.swift */; };
		2C97B00828B2B953006CDD55 /* ProfileUserModel.swift in Sources */ = {isa = PBXBuildFile; fileRef = 2C97B00728B2B953006CDD55 /* ProfileUserModel.swift */; };
		2C97B00A28B37080006CDD55 /* PictureDetailViewModel.swift in Sources */ = {isa = PBXBuildFile; fileRef = 2C97B00928B37080006CDD55 /* PictureDetailViewModel.swift */; };
		2CB5905128B155B4005BFBB1 /* FeedViewModel.swift in Sources */ = {isa = PBXBuildFile; fileRef = 2CB5905028B155B4005BFBB1 /* FeedViewModel.swift */; };
		2CEC273E28B3D7B20044DBD4 /* NotificationsViewModel.swift in Sources */ = {isa = PBXBuildFile; fileRef = 2CEC273D28B3D7B20044DBD4 /* NotificationsViewModel.swift */; };
		2CEC274028B3EC4C0044DBD4 /* NotificationManager.swift in Sources */ = {isa = PBXBuildFile; fileRef = 2CEC273F28B3EC4C0044DBD4 /* NotificationManager.swift */; };
		2CEC274228B4AA7A0044DBD4 /* Date.swift in Sources */ = {isa = PBXBuildFile; fileRef = 2CEC274128B4AA7A0044DBD4 /* Date.swift */; };
		2CEC274428B4AAC30044DBD4 /* String.swift in Sources */ = {isa = PBXBuildFile; fileRef = 2CEC274328B4AAC30044DBD4 /* String.swift */; };
		8B1B075E28AA322C00854E00 /* TestViewController.swift in Sources */ = {isa = PBXBuildFile; fileRef = 8B1B075D28AA322C00854E00 /* TestViewController.swift */; };
		8B51DE4A28A97DCB002E10AC /* AppDependencies.swift in Sources */ = {isa = PBXBuildFile; fileRef = 8B51DE4928A97DCB002E10AC /* AppDependencies.swift */; };
		8B51DE4D28A97E80002E10AC /* UINavigationController.swift in Sources */ = {isa = PBXBuildFile; fileRef = 8B51DE4C28A97E80002E10AC /* UINavigationController.swift */; };
		8B5DE2F528AABAC400852B34 /* CustomTextFieldView.swift in Sources */ = {isa = PBXBuildFile; fileRef = 8B5DE2F428AABAC400852B34 /* CustomTextFieldView.swift */; };
		8B5DE2F728AABAE500852B34 /* CustomTextFieldViewModel.swift in Sources */ = {isa = PBXBuildFile; fileRef = 8B5DE2F628AABAE500852B34 /* CustomTextFieldViewModel.swift */; };
		8B5DE2F928AABAF700852B34 /* CustomTextFieldType.swift in Sources */ = {isa = PBXBuildFile; fileRef = 8B5DE2F828AABAF700852B34 /* CustomTextFieldType.swift */; };
		8B5DE2FD28AAF76600852B34 /* Constants.swift in Sources */ = {isa = PBXBuildFile; fileRef = 8B5DE2FC28AAF76600852B34 /* Constants.swift */; };
		8B6B86EE28A985170094E201 /* GoogleService-Info.plist in Resources */ = {isa = PBXBuildFile; fileRef = 8B6B86ED28A985170094E201 /* GoogleService-Info.plist */; };
		8BA9ECCB28ACF57D00DFF138 /* TabBarCoordinator.swift in Sources */ = {isa = PBXBuildFile; fileRef = 8BA9ECCA28ACF57D00DFF138 /* TabBarCoordinator.swift */; };
		8BA9ECD528AD242800DFF138 /* FeedViewController.swift in Sources */ = {isa = PBXBuildFile; fileRef = 8BA9ECD428AD242800DFF138 /* FeedViewController.swift */; };
		8BA9ECD728AD24A700DFF138 /* SearchViewController.swift in Sources */ = {isa = PBXBuildFile; fileRef = 8BA9ECD628AD24A700DFF138 /* SearchViewController.swift */; };
		8BA9ECD928AD24CF00DFF138 /* NotificationsViewController.swift in Sources */ = {isa = PBXBuildFile; fileRef = 8BA9ECD828AD24CF00DFF138 /* NotificationsViewController.swift */; };
		8BA9ECDB28AD250000DFF138 /* ProfileViewController.swift in Sources */ = {isa = PBXBuildFile; fileRef = 8BA9ECDA28AD250000DFF138 /* ProfileViewController.swift */; };
		8BAE09EB28A4DB07004CD53C /* FirebaseAuth in Frameworks */ = {isa = PBXBuildFile; productRef = 8BAE09EA28A4DB07004CD53C /* FirebaseAuth */; };
		8BAE09ED28A4DB07004CD53C /* FirebaseDatabase in Frameworks */ = {isa = PBXBuildFile; productRef = 8BAE09EC28A4DB07004CD53C /* FirebaseDatabase */; };
		8BAE09EF28A4DB07004CD53C /* FirebaseDatabaseSwift in Frameworks */ = {isa = PBXBuildFile; productRef = 8BAE09EE28A4DB07004CD53C /* FirebaseDatabaseSwift */; };
		8BAE09F128A4DB07004CD53C /* FirebaseFirestore in Frameworks */ = {isa = PBXBuildFile; productRef = 8BAE09F028A4DB07004CD53C /* FirebaseFirestore */; };
		8BAE09F328A4DB07004CD53C /* FirebaseFirestoreSwift in Frameworks */ = {isa = PBXBuildFile; productRef = 8BAE09F228A4DB07004CD53C /* FirebaseFirestoreSwift */; };
		8BAE09F528A4DB07004CD53C /* FirebaseMessaging in Frameworks */ = {isa = PBXBuildFile; productRef = 8BAE09F428A4DB07004CD53C /* FirebaseMessaging */; };
		8BAE09F728A4DB07004CD53C /* FirebaseStorage in Frameworks */ = {isa = PBXBuildFile; productRef = 8BAE09F628A4DB07004CD53C /* FirebaseStorage */; };
		8BAE09FC28A4EFFB004CD53C /* Coordinator.swift in Sources */ = {isa = PBXBuildFile; fileRef = 8BAE09FB28A4EFFB004CD53C /* Coordinator.swift */; };
		8BAE09FE28A4F23D004CD53C /* AppCoordinator.swift in Sources */ = {isa = PBXBuildFile; fileRef = 8BAE09FD28A4F23D004CD53C /* AppCoordinator.swift */; };
		8BE7975F28AE111D00DC72D9 /* LabelTextField.swift in Sources */ = {isa = PBXBuildFile; fileRef = 8BE7975E28AE111D00DC72D9 /* LabelTextField.swift */; };
		8BE7976428AF625700DC72D9 /* UploadPhotoViewController.swift in Sources */ = {isa = PBXBuildFile; fileRef = 8BE7976328AF625700DC72D9 /* UploadPhotoViewController.swift */; };
		8BE7976628AF629300DC72D9 /* AuthViewController.swift in Sources */ = {isa = PBXBuildFile; fileRef = 8BE7976528AF629300DC72D9 /* AuthViewController.swift */; };
		8BE7976E28AFF64600DC72D9 /* UITabBarController.swift in Sources */ = {isa = PBXBuildFile; fileRef = 8BE7976D28AFF64600DC72D9 /* UITabBarController.swift */; };
		8BE7977028B015D900DC72D9 /* CustomButtonView.swift in Sources */ = {isa = PBXBuildFile; fileRef = 8BE7976F28B015D900DC72D9 /* CustomButtonView.swift */; };
		8BE7977328B0160D00DC72D9 /* CustomButtomType.swift in Sources */ = {isa = PBXBuildFile; fileRef = 8BE7977228B0160D00DC72D9 /* CustomButtomType.swift */; };
		8BE7977528B016FE00DC72D9 /* CustomButtonViewModel.swift in Sources */ = {isa = PBXBuildFile; fileRef = 8BE7977428B016FE00DC72D9 /* CustomButtonViewModel.swift */; };
		8BE7977828B0317700DC72D9 /* TPKeyboardAvoiding in Frameworks */ = {isa = PBXBuildFile; productRef = 8BE7977728B0317700DC72D9 /* TPKeyboardAvoiding */; };
		8BE7977B28B042CE00DC72D9 /* SignUpViewController.swift in Sources */ = {isa = PBXBuildFile; fileRef = 8BE7977A28B042CE00DC72D9 /* SignUpViewController.swift */; };
		8BF2D35E28A4D8F400979D9C /* SnapKit in Frameworks */ = {isa = PBXBuildFile; productRef = 8BF2D35D28A4D8F400979D9C /* SnapKit */; };
		8BF53C8B28A42579001B5AC3 /* AppDelegate.swift in Sources */ = {isa = PBXBuildFile; fileRef = 8BF53C8A28A42579001B5AC3 /* AppDelegate.swift */; };
		8BF53C8D28A42579001B5AC3 /* SceneDelegate.swift in Sources */ = {isa = PBXBuildFile; fileRef = 8BF53C8C28A42579001B5AC3 /* SceneDelegate.swift */; };
		8BF53C9428A4257E001B5AC3 /* Assets.xcassets in Resources */ = {isa = PBXBuildFile; fileRef = 8BF53C9328A4257E001B5AC3 /* Assets.xcassets */; };
		8BF53C9728A4257E001B5AC3 /* LaunchScreen.storyboard in Resources */ = {isa = PBXBuildFile; fileRef = 8BF53C9528A4257E001B5AC3 /* LaunchScreen.storyboard */; };
/* End PBXBuildFile section */

/* Begin PBXFileReference section */
		2C0FD8AC28B065FE0004337C /* PictureFeedCell.swift */ = {isa = PBXFileReference; lastKnownFileType = sourcecode.swift; path = PictureFeedCell.swift; sourceTree = "<group>"; };
		2C0FD8AE28B066380004337C /* AuctionCollectionViewCell.swift */ = {isa = PBXFileReference; lastKnownFileType = sourcecode.swift; path = AuctionCollectionViewCell.swift; sourceTree = "<group>"; };
		2C0FD8B028B0667C0004337C /* PictureItemModel.swift */ = {isa = PBXFileReference; lastKnownFileType = sourcecode.swift; path = PictureItemModel.swift; sourceTree = "<group>"; };
		2C0FD8B328B06AC10004337C /* PictureDetailViewController.swift */ = {isa = PBXFileReference; lastKnownFileType = sourcecode.swift; path = PictureDetailViewController.swift; sourceTree = "<group>"; };
		2C24973228B1694C00551795 /* PictureManager.swift */ = {isa = PBXFileReference; lastKnownFileType = sourcecode.swift; path = PictureManager.swift; sourceTree = "<group>"; };
		2C24973428B16B1500551795 /* AuthManager.swift */ = {isa = PBXFileReference; lastKnownFileType = sourcecode.swift; path = AuthManager.swift; sourceTree = "<group>"; };
		2C24973628B17B2100551795 /* ImageManager.swift */ = {isa = PBXFileReference; lastKnownFileType = sourcecode.swift; path = ImageManager.swift; sourceTree = "<group>"; };
		2C24973E28B1815900551795 /* FeedPictureModel.swift */ = {isa = PBXFileReference; lastKnownFileType = sourcecode.swift; path = FeedPictureModel.swift; sourceTree = "<group>"; };
		2C24974028B1818000551795 /* CircleFeedAuctionModel.swift */ = {isa = PBXFileReference; lastKnownFileType = sourcecode.swift; path = CircleFeedAuctionModel.swift; sourceTree = "<group>"; };
		2C24974228B182AC00551795 /* ProfileViewModel.swift */ = {isa = PBXFileReference; lastKnownFileType = sourcecode.swift; path = ProfileViewModel.swift; sourceTree = "<group>"; };
		2C54919E28B4BB9C0012032B /* OrderInfoViewController.swift */ = {isa = PBXFileReference; lastKnownFileType = sourcecode.swift; path = OrderInfoViewController.swift; sourceTree = "<group>"; };
		2C5491A328B4BE720012032B /* PictureView.swift */ = {isa = PBXFileReference; lastKnownFileType = sourcecode.swift; path = PictureView.swift; sourceTree = "<group>"; };
		2C5491A528B4BF3D0012032B /* PaymentModel.swift */ = {isa = PBXFileReference; lastKnownFileType = sourcecode.swift; path = PaymentModel.swift; sourceTree = "<group>"; };
		2C5491A728B4BF7D0012032B /* PaymentView.swift */ = {isa = PBXFileReference; lastKnownFileType = sourcecode.swift; path = PaymentView.swift; sourceTree = "<group>"; };
		2C5491A928B4C0140012032B /* DeliveryModel.swift */ = {isa = PBXFileReference; lastKnownFileType = sourcecode.swift; path = DeliveryModel.swift; sourceTree = "<group>"; };
		2C5491AD28B4C7EE0012032B /* UIAlertController.swift */ = {isa = PBXFileReference; lastKnownFileType = sourcecode.swift; path = UIAlertController.swift; sourceTree = "<group>"; };
		2C5491AF28B4DD460012032B /* OrderDetailsViewController.swift */ = {isa = PBXFileReference; lastKnownFileType = sourcecode.swift; path = OrderDetailsViewController.swift; sourceTree = "<group>"; };
		2C8C13DB28B52A4900AC3921 /* OrderModel.swift */ = {isa = PBXFileReference; lastKnownFileType = sourcecode.swift; name = OrderModel.swift; path = "ArtDeFond/Scene/Order Info Screen/View/OrderModel.swift"; sourceTree = SOURCE_ROOT; };
		2C8C13DD28B52A7400AC3921 /* OrdersTableViewCell.swift */ = {isa = PBXFileReference; lastKnownFileType = sourcecode.swift; path = OrdersTableViewCell.swift; sourceTree = "<group>"; };
		2C8C13E128B5669E00AC3921 /* FeedModelViewModel.swift */ = {isa = PBXFileReference; lastKnownFileType = sourcecode.swift; path = FeedModelViewModel.swift; sourceTree = "<group>"; };
		2C8D7C9E28B219F80036E784 /* AboutMeViewController.swift */ = {isa = PBXFileReference; lastKnownFileType = sourcecode.swift; path = AboutMeViewController.swift; sourceTree = "<group>"; };
		2C8D7CA028B22E930036E784 /* MyPicturesCell.swift */ = {isa = PBXFileReference; lastKnownFileType = sourcecode.swift; path = MyPicturesCell.swift; sourceTree = "<group>"; };
		2C97AFE228B299AD006CDD55 /* UserSettingsViewController.swift */ = {isa = PBXFileReference; lastKnownFileType = sourcecode.swift; path = UserSettingsViewController.swift; sourceTree = "<group>"; };
		2C97AFE428B29D83006CDD55 /* AddressesManager.swift */ = {isa = PBXFileReference; lastKnownFileType = sourcecode.swift; path = AddressesManager.swift; sourceTree = "<group>"; };
		2C97AFE828B2A035006CDD55 /* AddressesViewController.swift */ = {isa = PBXFileReference; lastKnownFileType = sourcecode.swift; path = AddressesViewController.swift; sourceTree = "<group>"; };
		2C97AFED28B2A8E6006CDD55 /* AddressCellModel.swift */ = {isa = PBXFileReference; lastKnownFileType = sourcecode.swift; path = AddressCellModel.swift; sourceTree = "<group>"; };
		2C97AFEF28B2A920006CDD55 /* AddressTableViewCell.swift */ = {isa = PBXFileReference; lastKnownFileType = sourcecode.swift; path = AddressTableViewCell.swift; sourceTree = "<group>"; };
		2C97AFF128B2A951006CDD55 /* AddressesViewModel.swift */ = {isa = PBXFileReference; lastKnownFileType = sourcecode.swift; path = AddressesViewModel.swift; sourceTree = "<group>"; };
		2C97AFF828B2ADC8006CDD55 /* OrderViewController.swift */ = {isa = PBXFileReference; lastKnownFileType = sourcecode.swift; path = OrderViewController.swift; sourceTree = "<group>"; };
		2C97AFFA28B2AEC7006CDD55 /* OrdersViewModel.swift */ = {isa = PBXFileReference; lastKnownFileType = sourcecode.swift; path = OrdersViewModel.swift; sourceTree = "<group>"; };
		2C97AFFC28B2AFD6006CDD55 /* OrderManager.swift */ = {isa = PBXFileReference; lastKnownFileType = sourcecode.swift; path = OrderManager.swift; sourceTree = "<group>"; };
		2C97B00128B2B830006CDD55 /* SettingsModel.swift */ = {isa = PBXFileReference; lastKnownFileType = sourcecode.swift; path = SettingsModel.swift; sourceTree = "<group>"; };
		2C97B00328B2B85D006CDD55 /* SettingsTableViewCell.swift */ = {isa = PBXFileReference; lastKnownFileType = sourcecode.swift; path = SettingsTableViewCell.swift; sourceTree = "<group>"; };
		2C97B00528B2B931006CDD55 /* ProfilePictureModel.swift */ = {isa = PBXFileReference; lastKnownFileType = sourcecode.swift; path = ProfilePictureModel.swift; sourceTree = "<group>"; };
		2C97B00728B2B953006CDD55 /* ProfileUserModel.swift */ = {isa = PBXFileReference; lastKnownFileType = sourcecode.swift; path = ProfileUserModel.swift; sourceTree = "<group>"; };
		2C97B00928B37080006CDD55 /* PictureDetailViewModel.swift */ = {isa = PBXFileReference; lastKnownFileType = sourcecode.swift; path = PictureDetailViewModel.swift; sourceTree = "<group>"; };
		2CB5905028B155B4005BFBB1 /* FeedViewModel.swift */ = {isa = PBXFileReference; lastKnownFileType = sourcecode.swift; path = FeedViewModel.swift; sourceTree = "<group>"; };
		2CEC273D28B3D7B20044DBD4 /* NotificationsViewModel.swift */ = {isa = PBXFileReference; lastKnownFileType = sourcecode.swift; path = NotificationsViewModel.swift; sourceTree = "<group>"; };
		2CEC273F28B3EC4C0044DBD4 /* NotificationManager.swift */ = {isa = PBXFileReference; lastKnownFileType = sourcecode.swift; path = NotificationManager.swift; sourceTree = "<group>"; };
		2CEC274128B4AA7A0044DBD4 /* Date.swift */ = {isa = PBXFileReference; lastKnownFileType = sourcecode.swift; path = Date.swift; sourceTree = "<group>"; };
		2CEC274328B4AAC30044DBD4 /* String.swift */ = {isa = PBXFileReference; lastKnownFileType = sourcecode.swift; path = String.swift; sourceTree = "<group>"; };
		8B1B075D28AA322C00854E00 /* TestViewController.swift */ = {isa = PBXFileReference; lastKnownFileType = sourcecode.swift; path = TestViewController.swift; sourceTree = "<group>"; };
		8B51DE4928A97DCB002E10AC /* AppDependencies.swift */ = {isa = PBXFileReference; lastKnownFileType = sourcecode.swift; path = AppDependencies.swift; sourceTree = "<group>"; };
		8B51DE4C28A97E80002E10AC /* UINavigationController.swift */ = {isa = PBXFileReference; lastKnownFileType = sourcecode.swift; path = UINavigationController.swift; sourceTree = "<group>"; };
		8B5DE2F428AABAC400852B34 /* CustomTextFieldView.swift */ = {isa = PBXFileReference; lastKnownFileType = sourcecode.swift; path = CustomTextFieldView.swift; sourceTree = "<group>"; };
		8B5DE2F628AABAE500852B34 /* CustomTextFieldViewModel.swift */ = {isa = PBXFileReference; lastKnownFileType = sourcecode.swift; path = CustomTextFieldViewModel.swift; sourceTree = "<group>"; };
		8B5DE2F828AABAF700852B34 /* CustomTextFieldType.swift */ = {isa = PBXFileReference; lastKnownFileType = sourcecode.swift; path = CustomTextFieldType.swift; sourceTree = "<group>"; };
		8B5DE2FC28AAF76600852B34 /* Constants.swift */ = {isa = PBXFileReference; lastKnownFileType = sourcecode.swift; path = Constants.swift; sourceTree = "<group>"; };
		8B6B86ED28A985170094E201 /* GoogleService-Info.plist */ = {isa = PBXFileReference; fileEncoding = 4; lastKnownFileType = text.plist.xml; path = "GoogleService-Info.plist"; sourceTree = "<group>"; };
		8BA9ECCA28ACF57D00DFF138 /* TabBarCoordinator.swift */ = {isa = PBXFileReference; lastKnownFileType = sourcecode.swift; path = TabBarCoordinator.swift; sourceTree = "<group>"; };
		8BA9ECD428AD242800DFF138 /* FeedViewController.swift */ = {isa = PBXFileReference; lastKnownFileType = sourcecode.swift; path = FeedViewController.swift; sourceTree = "<group>"; };
		8BA9ECD628AD24A700DFF138 /* SearchViewController.swift */ = {isa = PBXFileReference; lastKnownFileType = sourcecode.swift; path = SearchViewController.swift; sourceTree = "<group>"; };
		8BA9ECD828AD24CF00DFF138 /* NotificationsViewController.swift */ = {isa = PBXFileReference; lastKnownFileType = sourcecode.swift; path = NotificationsViewController.swift; sourceTree = "<group>"; };
		8BA9ECDA28AD250000DFF138 /* ProfileViewController.swift */ = {isa = PBXFileReference; lastKnownFileType = sourcecode.swift; path = ProfileViewController.swift; sourceTree = "<group>"; };
		8BAE09FB28A4EFFB004CD53C /* Coordinator.swift */ = {isa = PBXFileReference; lastKnownFileType = sourcecode.swift; path = Coordinator.swift; sourceTree = "<group>"; };
		8BAE09FD28A4F23D004CD53C /* AppCoordinator.swift */ = {isa = PBXFileReference; lastKnownFileType = sourcecode.swift; path = AppCoordinator.swift; sourceTree = "<group>"; };
		8BE7975E28AE111D00DC72D9 /* LabelTextField.swift */ = {isa = PBXFileReference; lastKnownFileType = sourcecode.swift; path = LabelTextField.swift; sourceTree = "<group>"; };
		8BE7976328AF625700DC72D9 /* UploadPhotoViewController.swift */ = {isa = PBXFileReference; lastKnownFileType = sourcecode.swift; path = UploadPhotoViewController.swift; sourceTree = "<group>"; };
		8BE7976528AF629300DC72D9 /* AuthViewController.swift */ = {isa = PBXFileReference; lastKnownFileType = sourcecode.swift; path = AuthViewController.swift; sourceTree = "<group>"; };
		8BE7976D28AFF64600DC72D9 /* UITabBarController.swift */ = {isa = PBXFileReference; lastKnownFileType = sourcecode.swift; path = UITabBarController.swift; sourceTree = "<group>"; };
		8BE7976F28B015D900DC72D9 /* CustomButtonView.swift */ = {isa = PBXFileReference; lastKnownFileType = sourcecode.swift; path = CustomButtonView.swift; sourceTree = "<group>"; };
		8BE7977228B0160D00DC72D9 /* CustomButtomType.swift */ = {isa = PBXFileReference; lastKnownFileType = sourcecode.swift; path = CustomButtomType.swift; sourceTree = "<group>"; };
		8BE7977428B016FE00DC72D9 /* CustomButtonViewModel.swift */ = {isa = PBXFileReference; lastKnownFileType = sourcecode.swift; path = CustomButtonViewModel.swift; sourceTree = "<group>"; };
		8BE7977A28B042CE00DC72D9 /* SignUpViewController.swift */ = {isa = PBXFileReference; lastKnownFileType = sourcecode.swift; path = SignUpViewController.swift; sourceTree = "<group>"; };
		8BF53C8728A42579001B5AC3 /* ArtDeFond.app */ = {isa = PBXFileReference; explicitFileType = wrapper.application; includeInIndex = 0; path = ArtDeFond.app; sourceTree = BUILT_PRODUCTS_DIR; };
		8BF53C8A28A42579001B5AC3 /* AppDelegate.swift */ = {isa = PBXFileReference; lastKnownFileType = sourcecode.swift; path = AppDelegate.swift; sourceTree = "<group>"; };
		8BF53C8C28A42579001B5AC3 /* SceneDelegate.swift */ = {isa = PBXFileReference; lastKnownFileType = sourcecode.swift; path = SceneDelegate.swift; sourceTree = "<group>"; };
		8BF53C9328A4257E001B5AC3 /* Assets.xcassets */ = {isa = PBXFileReference; lastKnownFileType = folder.assetcatalog; path = Assets.xcassets; sourceTree = "<group>"; };
		8BF53C9628A4257E001B5AC3 /* Base */ = {isa = PBXFileReference; lastKnownFileType = file.storyboard; name = Base; path = Base.lproj/LaunchScreen.storyboard; sourceTree = "<group>"; };
		8BF53C9828A4257E001B5AC3 /* Info.plist */ = {isa = PBXFileReference; lastKnownFileType = text.plist.xml; path = Info.plist; sourceTree = "<group>"; };
/* End PBXFileReference section */

/* Begin PBXFrameworksBuildPhase section */
		8BF53C8428A42579001B5AC3 /* Frameworks */ = {
			isa = PBXFrameworksBuildPhase;
			buildActionMask = 2147483647;
			files = (
				8BAE09F528A4DB07004CD53C /* FirebaseMessaging in Frameworks */,
				8BAE09EF28A4DB07004CD53C /* FirebaseDatabaseSwift in Frameworks */,
				8BAE09ED28A4DB07004CD53C /* FirebaseDatabase in Frameworks */,
				8BAE09F728A4DB07004CD53C /* FirebaseStorage in Frameworks */,
				2C24973A28B17C0400551795 /* Kingfisher in Frameworks */,
				8BE7977828B0317700DC72D9 /* TPKeyboardAvoiding in Frameworks */,
				8BF2D35E28A4D8F400979D9C /* SnapKit in Frameworks */,
				8BAE09EB28A4DB07004CD53C /* FirebaseAuth in Frameworks */,
				8BAE09F128A4DB07004CD53C /* FirebaseFirestore in Frameworks */,
				8BAE09F328A4DB07004CD53C /* FirebaseFirestoreSwift in Frameworks */,
			);
			runOnlyForDeploymentPostprocessing = 0;
		};
/* End PBXFrameworksBuildPhase section */

/* Begin PBXGroup section */
		2C0FD8A928B065A70004337C /* Model */ = {
			isa = PBXGroup;
			children = (
				2C0FD8B028B0667C0004337C /* PictureItemModel.swift */,
				2C24974028B1818000551795 /* CircleFeedAuctionModel.swift */,
				2C24973E28B1815900551795 /* FeedPictureModel.swift */,
			);
			path = Model;
			sourceTree = "<group>";
		};
		2C0FD8AA28B065B20004337C /* View */ = {
			isa = PBXGroup;
			children = (
				2C0FD8AC28B065FE0004337C /* PictureFeedCell.swift */,
				8BA9ECD428AD242800DFF138 /* FeedViewController.swift */,
				2C0FD8AE28B066380004337C /* AuctionCollectionViewCell.swift */,
			);
			path = View;
			sourceTree = "<group>";
		};
		2C0FD8AB28B065BD0004337C /* ViewModel */ = {
			isa = PBXGroup;
			children = (
				2CB5905028B155B4005BFBB1 /* FeedViewModel.swift */,
				2C8C13E128B5669E00AC3921 /* FeedModelViewModel.swift */,
			);
			path = ViewModel;
			sourceTree = "<group>";
		};
		2C0FD8B228B06A990004337C /* Picture Detail Screen */ = {
			isa = PBXGroup;
			children = (
				2C8C13DF28B52B3500AC3921 /* View */,
				2C8C13E028B52B4100AC3921 /* ViewModel */,
			);
			path = "Picture Detail Screen";
			sourceTree = "<group>";
		};
		2C24973128B1693300551795 /* Servises */ = {
			isa = PBXGroup;
			children = (
				2C24973228B1694C00551795 /* PictureManager.swift */,
				2C97AFFC28B2AFD6006CDD55 /* OrderManager.swift */,
				2C24973428B16B1500551795 /* AuthManager.swift */,
				2CEC273F28B3EC4C0044DBD4 /* NotificationManager.swift */,
				2C97AFE428B29D83006CDD55 /* AddressesManager.swift */,
				2C24973628B17B2100551795 /* ImageManager.swift */,
			);
			path = Servises;
			sourceTree = "<group>";
		};
		2C24973B28B180F600551795 /* Model */ = {
			isa = PBXGroup;
			children = (
				2C97B00528B2B931006CDD55 /* ProfilePictureModel.swift */,
				2C97B00728B2B953006CDD55 /* ProfileUserModel.swift */,
			);
			path = Model;
			sourceTree = "<group>";
		};
		2C24973C28B180FE00551795 /* ViewModel */ = {
			isa = PBXGroup;
			children = (
				2C24974228B182AC00551795 /* ProfileViewModel.swift */,
			);
			path = ViewModel;
			sourceTree = "<group>";
		};
		2C24973D28B1810B00551795 /* View */ = {
			isa = PBXGroup;
			children = (
				8BA9ECDA28AD250000DFF138 /* ProfileViewController.swift */,
				2C8D7CA028B22E930036E784 /* MyPicturesCell.swift */,
			);
			path = View;
			sourceTree = "<group>";
		};
		2C54919D28B4BB570012032B /* Order Info Screen */ = {
			isa = PBXGroup;
			children = (
				2C5491A228B4BDD60012032B /* View */,
				2C5491A128B4BDCF0012032B /* Model */,
				2C5491A028B4BDC70012032B /* ViewModel */,
			);
			path = "Order Info Screen";
			sourceTree = "<group>";
		};
		2C5491A028B4BDC70012032B /* ViewModel */ = {
			isa = PBXGroup;
			children = (
			);
			path = ViewModel;
			sourceTree = "<group>";
		};
		2C5491A128B4BDCF0012032B /* Model */ = {
			isa = PBXGroup;
			children = (
				2C5491A528B4BF3D0012032B /* PaymentModel.swift */,
				2C5491A928B4C0140012032B /* DeliveryModel.swift */,
			);
			path = Model;
			sourceTree = "<group>";
		};
		2C5491A228B4BDD60012032B /* View */ = {
			isa = PBXGroup;
			children = (
				2C54919E28B4BB9C0012032B /* OrderInfoViewController.swift */,
				2C5491A328B4BE720012032B /* PictureView.swift */,
				2C5491A728B4BF7D0012032B /* PaymentView.swift */,
				2C5491AF28B4DD460012032B /* OrderDetailsViewController.swift */,
			);
			path = View;
			sourceTree = "<group>";
		};
		2C8C13DF28B52B3500AC3921 /* View */ = {
			isa = PBXGroup;
			children = (
				2C0FD8B328B06AC10004337C /* PictureDetailViewController.swift */,
			);
			path = View;
			sourceTree = "<group>";
		};
		2C8C13E028B52B4100AC3921 /* ViewModel */ = {
			isa = PBXGroup;
			children = (
				2C97B00928B37080006CDD55 /* PictureDetailViewModel.swift */,
			);
			name = ViewModel;
			sourceTree = "<group>";
		};
		2C97AFE128B2998A006CDD55 /* User Settings Screen */ = {
			isa = PBXGroup;
			children = (
				2C97B00028B2B819006CDD55 /* Model */,
				2C97AFFF28B2B80D006CDD55 /* ViewModel */,
				2C97AFFE28B2B806006CDD55 /* View */,
			);
			path = "User Settings Screen";
			sourceTree = "<group>";
		};
		2C97AFE628B2A010006CDD55 /* Settings Screens */ = {
			isa = PBXGroup;
			children = (
				2C97AFF328B2AD84006CDD55 /* Orders Screen */,
				2C97AFE728B2A01B006CDD55 /* Addresses Screen */,
			);
			path = "Settings Screens";
			sourceTree = "<group>";
		};
		2C97AFE728B2A01B006CDD55 /* Addresses Screen */ = {
			isa = PBXGroup;
			children = (
				2C97AFEB28B2A8C7006CDD55 /* View */,
				2C97AFEC28B2A8CC006CDD55 /* Model */,
				2C97AFEA28B2A8AC006CDD55 /* ViewModel */,
			);
			path = "Addresses Screen";
			sourceTree = "<group>";
		};
		2C97AFEA28B2A8AC006CDD55 /* ViewModel */ = {
			isa = PBXGroup;
			children = (
				2C97AFF128B2A951006CDD55 /* AddressesViewModel.swift */,
			);
			path = ViewModel;
			sourceTree = "<group>";
		};
		2C97AFEB28B2A8C7006CDD55 /* View */ = {
			isa = PBXGroup;
			children = (
				2C97AFE828B2A035006CDD55 /* AddressesViewController.swift */,
				2C97AFEF28B2A920006CDD55 /* AddressTableViewCell.swift */,
			);
			path = View;
			sourceTree = "<group>";
		};
		2C97AFEC28B2A8CC006CDD55 /* Model */ = {
			isa = PBXGroup;
			children = (
				2C97AFED28B2A8E6006CDD55 /* AddressCellModel.swift */,
			);
			path = Model;
			sourceTree = "<group>";
		};
		2C97AFF328B2AD84006CDD55 /* Orders Screen */ = {
			isa = PBXGroup;
			children = (
				2C97AFF628B2ADA5006CDD55 /* Model */,
				2C97AFF528B2AD9D006CDD55 /* ViewModel */,
				2C97AFF428B2AD96006CDD55 /* View */,
			);
			path = "Orders Screen";
			sourceTree = "<group>";
		};
		2C97AFF428B2AD96006CDD55 /* View */ = {
			isa = PBXGroup;
			children = (
				2C97AFF828B2ADC8006CDD55 /* OrderViewController.swift */,
				2C8C13DD28B52A7400AC3921 /* OrdersTableViewCell.swift */,
			);
			path = View;
			sourceTree = "<group>";
		};
		2C97AFF528B2AD9D006CDD55 /* ViewModel */ = {
			isa = PBXGroup;
			children = (
				2C97AFFA28B2AEC7006CDD55 /* OrdersViewModel.swift */,
			);
			path = ViewModel;
			sourceTree = "<group>";
		};
		2C97AFF628B2ADA5006CDD55 /* Model */ = {
			isa = PBXGroup;
			children = (
				2C8C13DB28B52A4900AC3921 /* OrderModel.swift */,
			);
			path = Model;
			sourceTree = "<group>";
		};
		2C97AFFE28B2B806006CDD55 /* View */ = {
			isa = PBXGroup;
			children = (
				2C97AFE228B299AD006CDD55 /* UserSettingsViewController.swift */,
				2C97B00328B2B85D006CDD55 /* SettingsTableViewCell.swift */,
			);
			path = View;
			sourceTree = "<group>";
		};
		2C97AFFF28B2B80D006CDD55 /* ViewModel */ = {
			isa = PBXGroup;
			children = (
			);
			path = ViewModel;
			sourceTree = "<group>";
		};
		2C97B00028B2B819006CDD55 /* Model */ = {
			isa = PBXGroup;
			children = (
				2C97B00128B2B830006CDD55 /* SettingsModel.swift */,
			);
			path = Model;
			sourceTree = "<group>";
		};
		8B1B075C28AA321D00854E00 /* Testing */ = {
			isa = PBXGroup;
			children = (
				8B1B075D28AA322C00854E00 /* TestViewController.swift */,
			);
			path = Testing;
			sourceTree = "<group>";
		};
		8B51DE4B28A97E6F002E10AC /* Extensions */ = {
			isa = PBXGroup;
			children = (
				8B51DE4C28A97E80002E10AC /* UINavigationController.swift */,
				8BE7976D28AFF64600DC72D9 /* UITabBarController.swift */,
				2CEC274128B4AA7A0044DBD4 /* Date.swift */,
				2CEC274328B4AAC30044DBD4 /* String.swift */,
				2C5491AD28B4C7EE0012032B /* UIAlertController.swift */,
			);
			path = Extensions;
			sourceTree = "<group>";
		};
		8B5DE2F028AABA9200852B34 /* CustomTextField */ = {
			isa = PBXGroup;
			children = (
				8B5DE2F228AABAA600852B34 /* Model */,
				8B5DE2F328AABAAA00852B34 /* ViewModel */,
				8B5DE2F128AABAA000852B34 /* View */,
			);
			path = CustomTextField;
			sourceTree = "<group>";
		};
		8B5DE2F128AABAA000852B34 /* View */ = {
			isa = PBXGroup;
			children = (
				8B5DE2F428AABAC400852B34 /* CustomTextFieldView.swift */,
			);
			path = View;
			sourceTree = "<group>";
		};
		8B5DE2F228AABAA600852B34 /* Model */ = {
			isa = PBXGroup;
			children = (
				8B5DE2F828AABAF700852B34 /* CustomTextFieldType.swift */,
			);
			path = Model;
			sourceTree = "<group>";
		};
		8B5DE2F328AABAAA00852B34 /* ViewModel */ = {
			isa = PBXGroup;
			children = (
				8B5DE2F628AABAE500852B34 /* CustomTextFieldViewModel.swift */,
			);
			path = ViewModel;
			sourceTree = "<group>";
		};
		8B6B86F628A9932B0094E201 /* Custom UI */ = {
			isa = PBXGroup;
			children = (
				8BE7977128B015F800DC72D9 /* CustomButtom */,
				8BE7975D28AE103A00DC72D9 /* TextField + Label */,
				8B5DE2F028AABA9200852B34 /* CustomTextField */,
			);
			path = "Custom UI";
			sourceTree = "<group>";
		};
		8BA9ECCC28AD091900DFF138 /* Auth Screen */ = {
			isa = PBXGroup;
			children = (
				8BE7976528AF629300DC72D9 /* AuthViewController.swift */,
			);
			path = "Auth Screen";
			sourceTree = "<group>";
		};
		8BA9ECCD28AD096200DFF138 /* Feed Screen */ = {
			isa = PBXGroup;
			children = (
				2C0FD8AB28B065BD0004337C /* ViewModel */,
				2C0FD8AA28B065B20004337C /* View */,
				2C0FD8A928B065A70004337C /* Model */,
			);
			path = "Feed Screen";
			sourceTree = "<group>";
		};
		8BA9ECCE28AD099B00DFF138 /* Search Screen */ = {
			isa = PBXGroup;
			children = (
				8BA9ECD628AD24A700DFF138 /* SearchViewController.swift */,
			);
			path = "Search Screen";
			sourceTree = "<group>";
		};
		8BA9ECCF28AD0A2900DFF138 /* Upload Photo Screen */ = {
			isa = PBXGroup;
			children = (
				8BE7976328AF625700DC72D9 /* UploadPhotoViewController.swift */,
			);
			path = "Upload Photo Screen";
			sourceTree = "<group>";
		};
		8BA9ECD028AD0A4500DFF138 /* Notifications Screen */ = {
			isa = PBXGroup;
			children = (
				8BA9ECD828AD24CF00DFF138 /* NotificationsViewController.swift */,
				2CEC273D28B3D7B20044DBD4 /* NotificationsViewModel.swift */,
			);
			path = "Notifications Screen";
			sourceTree = "<group>";
		};
		8BA9ECD128AD0A5F00DFF138 /* Profile Screen */ = {
			isa = PBXGroup;
			children = (
				2C24973D28B1810B00551795 /* View */,
				2C24973C28B180FE00551795 /* ViewModel */,
				2C24973B28B180F600551795 /* Model */,
			);
			path = "Profile Screen";
			sourceTree = "<group>";
		};
		8BAE09F828A4EC9B004CD53C /* Constants */ = {
			isa = PBXGroup;
			children = (
				8B5DE2FC28AAF76600852B34 /* Constants.swift */,
			);
			path = Constants;
			sourceTree = "<group>";
		};
		8BAE09F928A4ECAB004CD53C /* Scene */ = {
			isa = PBXGroup;
			children = (
				2C54919D28B4BB570012032B /* Order Info Screen */,
				2C97AFE628B2A010006CDD55 /* Settings Screens */,
				2C0FD8B228B06A990004337C /* Picture Detail Screen */,
				8BE7977928B042B900DC72D9 /* Sign Up Screen */,
				2C97AFE128B2998A006CDD55 /* User Settings Screen */,
				8BA9ECD128AD0A5F00DFF138 /* Profile Screen */,
				8BA9ECD028AD0A4500DFF138 /* Notifications Screen */,
				8BA9ECCF28AD0A2900DFF138 /* Upload Photo Screen */,
				8BA9ECCE28AD099B00DFF138 /* Search Screen */,
				8BA9ECCD28AD096200DFF138 /* Feed Screen */,
				8BA9ECCC28AD091900DFF138 /* Auth Screen */,
				8BAE09FD28A4F23D004CD53C /* AppCoordinator.swift */,
				8BA9ECCA28ACF57D00DFF138 /* TabBarCoordinator.swift */,
			);
			path = Scene;
			sourceTree = "<group>";
		};
		8BAE09FA28A4ECB0004CD53C /* Support */ = {
			isa = PBXGroup;
			children = (
				8B1B075C28AA321D00854E00 /* Testing */,
				8B6B86F628A9932B0094E201 /* Custom UI */,
				8B51DE4B28A97E6F002E10AC /* Extensions */,
				8BAE09FB28A4EFFB004CD53C /* Coordinator.swift */,
				8B51DE4928A97DCB002E10AC /* AppDependencies.swift */,
			);
			path = Support;
			sourceTree = "<group>";
		};
		8BE7975D28AE103A00DC72D9 /* TextField + Label */ = {
			isa = PBXGroup;
			children = (
				8BE7975E28AE111D00DC72D9 /* LabelTextField.swift */,
			);
			path = "TextField + Label";
			sourceTree = "<group>";
		};
		8BE7977128B015F800DC72D9 /* CustomButtom */ = {
			isa = PBXGroup;
			children = (
				8BE7976F28B015D900DC72D9 /* CustomButtonView.swift */,
				8BE7977228B0160D00DC72D9 /* CustomButtomType.swift */,
				8BE7977428B016FE00DC72D9 /* CustomButtonViewModel.swift */,
			);
			path = CustomButtom;
			sourceTree = "<group>";
		};
		8BE7977928B042B900DC72D9 /* Sign Up Screen */ = {
			isa = PBXGroup;
			children = (
				8BE7977A28B042CE00DC72D9 /* SignUpViewController.swift */,
				2C8D7C9E28B219F80036E784 /* AboutMeViewController.swift */,
			);
			path = "Sign Up Screen";
			sourceTree = "<group>";
		};
		8BF53C7E28A42579001B5AC3 = {
			isa = PBXGroup;
			children = (
				8BF53C8928A42579001B5AC3 /* ArtDeFond */,
				8BF53C8828A42579001B5AC3 /* Products */,
			);
			sourceTree = "<group>";
		};
		8BF53C8828A42579001B5AC3 /* Products */ = {
			isa = PBXGroup;
			children = (
				8BF53C8728A42579001B5AC3 /* ArtDeFond.app */,
			);
			name = Products;
			sourceTree = "<group>";
		};
		8BF53C8928A42579001B5AC3 /* ArtDeFond */ = {
			isa = PBXGroup;
			children = (
				2C24973128B1693300551795 /* Servises */,
				8BAE09FA28A4ECB0004CD53C /* Support */,
				8BAE09F928A4ECAB004CD53C /* Scene */,
				8BAE09F828A4EC9B004CD53C /* Constants */,
				8BF53C8A28A42579001B5AC3 /* AppDelegate.swift */,
				8BF53C8C28A42579001B5AC3 /* SceneDelegate.swift */,
				8BF53C9328A4257E001B5AC3 /* Assets.xcassets */,
				8BF53C9528A4257E001B5AC3 /* LaunchScreen.storyboard */,
				8BF53C9828A4257E001B5AC3 /* Info.plist */,
				8B6B86ED28A985170094E201 /* GoogleService-Info.plist */,
			);
			path = ArtDeFond;
			sourceTree = "<group>";
		};
/* End PBXGroup section */

/* Begin PBXNativeTarget section */
		8BF53C8628A42579001B5AC3 /* ArtDeFond */ = {
			isa = PBXNativeTarget;
			buildConfigurationList = 8BF53C9B28A4257E001B5AC3 /* Build configuration list for PBXNativeTarget "ArtDeFond" */;
			buildPhases = (
				8BF53C8328A42579001B5AC3 /* Sources */,
				8BF53C8428A42579001B5AC3 /* Frameworks */,
				8BF53C8528A42579001B5AC3 /* Resources */,
			);
			buildRules = (
			);
			dependencies = (
			);
			name = ArtDeFond;
			packageProductDependencies = (
				8BF2D35D28A4D8F400979D9C /* SnapKit */,
				8BAE09EA28A4DB07004CD53C /* FirebaseAuth */,
				8BAE09EC28A4DB07004CD53C /* FirebaseDatabase */,
				8BAE09EE28A4DB07004CD53C /* FirebaseDatabaseSwift */,
				8BAE09F028A4DB07004CD53C /* FirebaseFirestore */,
				8BAE09F228A4DB07004CD53C /* FirebaseFirestoreSwift */,
				8BAE09F428A4DB07004CD53C /* FirebaseMessaging */,
				8BAE09F628A4DB07004CD53C /* FirebaseStorage */,
				8BE7977728B0317700DC72D9 /* TPKeyboardAvoiding */,
				2C24973928B17C0400551795 /* Kingfisher */,
			);
			productName = ArtDeFond;
			productReference = 8BF53C8728A42579001B5AC3 /* ArtDeFond.app */;
			productType = "com.apple.product-type.application";
		};
/* End PBXNativeTarget section */

/* Begin PBXProject section */
		8BF53C7F28A42579001B5AC3 /* Project object */ = {
			isa = PBXProject;
			attributes = {
				BuildIndependentTargetsInParallel = 1;
				LastSwiftUpdateCheck = 1340;
				LastUpgradeCheck = 1340;
				TargetAttributes = {
					8BF53C8628A42579001B5AC3 = {
						CreatedOnToolsVersion = 13.4.1;
					};
				};
			};
			buildConfigurationList = 8BF53C8228A42579001B5AC3 /* Build configuration list for PBXProject "ArtDeFond" */;
			compatibilityVersion = "Xcode 13.0";
			developmentRegion = en;
			hasScannedForEncodings = 0;
			knownRegions = (
				en,
				Base,
			);
			mainGroup = 8BF53C7E28A42579001B5AC3;
			packageReferences = (
				8BF2D35C28A4D8F400979D9C /* XCRemoteSwiftPackageReference "SnapKit" */,
				8BAE09E928A4DB07004CD53C /* XCRemoteSwiftPackageReference "firebase-ios-sdk" */,
				8BE7977628B0317700DC72D9 /* XCRemoteSwiftPackageReference "TPKeyboardAvoiding" */,
				2C24973828B17C0300551795 /* XCRemoteSwiftPackageReference "Kingfisher" */,
			);
			productRefGroup = 8BF53C8828A42579001B5AC3 /* Products */;
			projectDirPath = "";
			projectRoot = "";
			targets = (
				8BF53C8628A42579001B5AC3 /* ArtDeFond */,
			);
		};
/* End PBXProject section */

/* Begin PBXResourcesBuildPhase section */
		8BF53C8528A42579001B5AC3 /* Resources */ = {
			isa = PBXResourcesBuildPhase;
			buildActionMask = 2147483647;
			files = (
				8BF53C9728A4257E001B5AC3 /* LaunchScreen.storyboard in Resources */,
				8BF53C9428A4257E001B5AC3 /* Assets.xcassets in Resources */,
				8B6B86EE28A985170094E201 /* GoogleService-Info.plist in Resources */,
			);
			runOnlyForDeploymentPostprocessing = 0;
		};
/* End PBXResourcesBuildPhase section */

/* Begin PBXSourcesBuildPhase section */
		8BF53C8328A42579001B5AC3 /* Sources */ = {
			isa = PBXSourcesBuildPhase;
			buildActionMask = 2147483647;
			files = (
				2C0FD8AD28B065FE0004337C /* PictureFeedCell.swift in Sources */,
				8B5DE2F728AABAE500852B34 /* CustomTextFieldViewModel.swift in Sources */,
				2C0FD8B428B06AC10004337C /* PictureDetailViewController.swift in Sources */,
				8B5DE2F528AABAC400852B34 /* CustomTextFieldView.swift in Sources */,
				8BAE09FE28A4F23D004CD53C /* AppCoordinator.swift in Sources */,
				8BE7976428AF625700DC72D9 /* UploadPhotoViewController.swift in Sources */,
				2C97AFE528B29D83006CDD55 /* AddressesManager.swift in Sources */,
				2C97B00628B2B931006CDD55 /* ProfilePictureModel.swift in Sources */,
				8BE7975F28AE111D00DC72D9 /* LabelTextField.swift in Sources */,
				8B51DE4D28A97E80002E10AC /* UINavigationController.swift in Sources */,
				2C8C13DC28B52A4900AC3921 /* OrderModel.swift in Sources */,
				2C24973328B1694C00551795 /* PictureManager.swift in Sources */,
				8BE7976E28AFF64600DC72D9 /* UITabBarController.swift in Sources */,
				2CEC274428B4AAC30044DBD4 /* String.swift in Sources */,
				8BA9ECDB28AD250000DFF138 /* ProfileViewController.swift in Sources */,
				2CEC273E28B3D7B20044DBD4 /* NotificationsViewModel.swift in Sources */,
				2C54919F28B4BB9C0012032B /* OrderInfoViewController.swift in Sources */,
				2C97B00A28B37080006CDD55 /* PictureDetailViewModel.swift in Sources */,
				2C24974128B1818000551795 /* CircleFeedAuctionModel.swift in Sources */,
				2C24973728B17B2100551795 /* ImageManager.swift in Sources */,
				2C24973528B16B1500551795 /* AuthManager.swift in Sources */,
				8BE7977528B016FE00DC72D9 /* CustomButtonViewModel.swift in Sources */,
				8B5DE2FD28AAF76600852B34 /* Constants.swift in Sources */,
				2C8C13E228B5669E00AC3921 /* FeedModelViewModel.swift in Sources */,
				8BE7977328B0160D00DC72D9 /* CustomButtomType.swift in Sources */,
				2C5491AA28B4C0150012032B /* DeliveryModel.swift in Sources */,
				2C97AFF228B2A951006CDD55 /* AddressesViewModel.swift in Sources */,
				8BA9ECD528AD242800DFF138 /* FeedViewController.swift in Sources */,
				8BE7976628AF629300DC72D9 /* AuthViewController.swift in Sources */,
				8BE7977028B015D900DC72D9 /* CustomButtonView.swift in Sources */,
				2CEC274228B4AA7A0044DBD4 /* Date.swift in Sources */,
				2C8D7CA128B22E930036E784 /* MyPicturesCell.swift in Sources */,
				2CB5905128B155B4005BFBB1 /* FeedViewModel.swift in Sources */,
				8BA9ECCB28ACF57D00DFF138 /* TabBarCoordinator.swift in Sources */,
				2C97AFF028B2A920006CDD55 /* AddressTableViewCell.swift in Sources */,
				2C97B00428B2B85D006CDD55 /* SettingsTableViewCell.swift in Sources */,
				2CEC274028B3EC4C0044DBD4 /* NotificationManager.swift in Sources */,
				2C0FD8B128B0667C0004337C /* PictureItemModel.swift in Sources */,
				8BA9ECD928AD24CF00DFF138 /* NotificationsViewController.swift in Sources */,
				2C8C13DE28B52A7400AC3921 /* OrdersTableViewCell.swift in Sources */,
				8BF53C8B28A42579001B5AC3 /* AppDelegate.swift in Sources */,
				2C8D7C9F28B219F80036E784 /* AboutMeViewController.swift in Sources */,
				8BA9ECD728AD24A700DFF138 /* SearchViewController.swift in Sources */,
				2C97AFF928B2ADC8006CDD55 /* OrderViewController.swift in Sources */,
				2C97B00228B2B830006CDD55 /* SettingsModel.swift in Sources */,
				2C97AFE328B299AD006CDD55 /* UserSettingsViewController.swift in Sources */,
				8BF53C8D28A42579001B5AC3 /* SceneDelegate.swift in Sources */,
				2C97AFFB28B2AEC7006CDD55 /* OrdersViewModel.swift in Sources */,
				8B51DE4A28A97DCB002E10AC /* AppDependencies.swift in Sources */,
				2C5491A428B4BE720012032B /* PictureView.swift in Sources */,
				2C5491A628B4BF3D0012032B /* PaymentModel.swift in Sources */,
				2C5491B028B4DD460012032B /* OrderDetailsViewController.swift in Sources */,
				2C5491AE28B4C7EE0012032B /* UIAlertController.swift in Sources */,
				2C97AFEE28B2A8E6006CDD55 /* AddressCellModel.swift in Sources */,
				8BE7977B28B042CE00DC72D9 /* SignUpViewController.swift in Sources */,
				8B5DE2F928AABAF700852B34 /* CustomTextFieldType.swift in Sources */,
				2C5491A828B4BF7D0012032B /* PaymentView.swift in Sources */,
				2C0FD8AF28B066380004337C /* AuctionCollectionViewCell.swift in Sources */,
				8B1B075E28AA322C00854E00 /* TestViewController.swift in Sources */,
				2C24973F28B1815900551795 /* FeedPictureModel.swift in Sources */,
				2C97AFFD28B2AFD6006CDD55 /* OrderManager.swift in Sources */,
				2C97B00828B2B953006CDD55 /* ProfileUserModel.swift in Sources */,
				2C97AFE928B2A035006CDD55 /* AddressesViewController.swift in Sources */,
				8BAE09FC28A4EFFB004CD53C /* Coordinator.swift in Sources */,
				2C24974328B182AC00551795 /* ProfileViewModel.swift in Sources */,
			);
			runOnlyForDeploymentPostprocessing = 0;
		};
/* End PBXSourcesBuildPhase section */

/* Begin PBXVariantGroup section */
		8BF53C9528A4257E001B5AC3 /* LaunchScreen.storyboard */ = {
			isa = PBXVariantGroup;
			children = (
				8BF53C9628A4257E001B5AC3 /* Base */,
			);
			name = LaunchScreen.storyboard;
			sourceTree = "<group>";
		};
/* End PBXVariantGroup section */

/* Begin XCBuildConfiguration section */
		8BF53C9928A4257E001B5AC3 /* Debug */ = {
			isa = XCBuildConfiguration;
			buildSettings = {
				ALWAYS_SEARCH_USER_PATHS = NO;
				CLANG_ANALYZER_NONNULL = YES;
				CLANG_ANALYZER_NUMBER_OBJECT_CONVERSION = YES_AGGRESSIVE;
				CLANG_CXX_LANGUAGE_STANDARD = "gnu++17";
				CLANG_ENABLE_MODULES = YES;
				CLANG_ENABLE_OBJC_ARC = YES;
				CLANG_ENABLE_OBJC_WEAK = YES;
				CLANG_WARN_BLOCK_CAPTURE_AUTORELEASING = YES;
				CLANG_WARN_BOOL_CONVERSION = YES;
				CLANG_WARN_COMMA = YES;
				CLANG_WARN_CONSTANT_CONVERSION = YES;
				CLANG_WARN_DEPRECATED_OBJC_IMPLEMENTATIONS = YES;
				CLANG_WARN_DIRECT_OBJC_ISA_USAGE = YES_ERROR;
				CLANG_WARN_DOCUMENTATION_COMMENTS = YES;
				CLANG_WARN_EMPTY_BODY = YES;
				CLANG_WARN_ENUM_CONVERSION = YES;
				CLANG_WARN_INFINITE_RECURSION = YES;
				CLANG_WARN_INT_CONVERSION = YES;
				CLANG_WARN_NON_LITERAL_NULL_CONVERSION = YES;
				CLANG_WARN_OBJC_IMPLICIT_RETAIN_SELF = YES;
				CLANG_WARN_OBJC_LITERAL_CONVERSION = YES;
				CLANG_WARN_OBJC_ROOT_CLASS = YES_ERROR;
				CLANG_WARN_QUOTED_INCLUDE_IN_FRAMEWORK_HEADER = YES;
				CLANG_WARN_RANGE_LOOP_ANALYSIS = YES;
				CLANG_WARN_STRICT_PROTOTYPES = YES;
				CLANG_WARN_SUSPICIOUS_MOVE = YES;
				CLANG_WARN_UNGUARDED_AVAILABILITY = YES_AGGRESSIVE;
				CLANG_WARN_UNREACHABLE_CODE = YES;
				CLANG_WARN__DUPLICATE_METHOD_MATCH = YES;
				COPY_PHASE_STRIP = NO;
				DEBUG_INFORMATION_FORMAT = dwarf;
				ENABLE_STRICT_OBJC_MSGSEND = YES;
				ENABLE_TESTABILITY = YES;
				GCC_C_LANGUAGE_STANDARD = gnu11;
				GCC_DYNAMIC_NO_PIC = NO;
				GCC_NO_COMMON_BLOCKS = YES;
				GCC_OPTIMIZATION_LEVEL = 0;
				GCC_PREPROCESSOR_DEFINITIONS = (
					"DEBUG=1",
					"$(inherited)",
				);
				GCC_WARN_64_TO_32_BIT_CONVERSION = YES;
				GCC_WARN_ABOUT_RETURN_TYPE = YES_ERROR;
				GCC_WARN_UNDECLARED_SELECTOR = YES;
				GCC_WARN_UNINITIALIZED_AUTOS = YES_AGGRESSIVE;
				GCC_WARN_UNUSED_FUNCTION = YES;
				GCC_WARN_UNUSED_VARIABLE = YES;
				IPHONEOS_DEPLOYMENT_TARGET = 15.5;
				MTL_ENABLE_DEBUG_INFO = INCLUDE_SOURCE;
				MTL_FAST_MATH = YES;
				ONLY_ACTIVE_ARCH = YES;
				SDKROOT = iphoneos;
				SWIFT_ACTIVE_COMPILATION_CONDITIONS = DEBUG;
				SWIFT_OPTIMIZATION_LEVEL = "-Onone";
			};
			name = Debug;
		};
		8BF53C9A28A4257E001B5AC3 /* Release */ = {
			isa = XCBuildConfiguration;
			buildSettings = {
				ALWAYS_SEARCH_USER_PATHS = NO;
				CLANG_ANALYZER_NONNULL = YES;
				CLANG_ANALYZER_NUMBER_OBJECT_CONVERSION = YES_AGGRESSIVE;
				CLANG_CXX_LANGUAGE_STANDARD = "gnu++17";
				CLANG_ENABLE_MODULES = YES;
				CLANG_ENABLE_OBJC_ARC = YES;
				CLANG_ENABLE_OBJC_WEAK = YES;
				CLANG_WARN_BLOCK_CAPTURE_AUTORELEASING = YES;
				CLANG_WARN_BOOL_CONVERSION = YES;
				CLANG_WARN_COMMA = YES;
				CLANG_WARN_CONSTANT_CONVERSION = YES;
				CLANG_WARN_DEPRECATED_OBJC_IMPLEMENTATIONS = YES;
				CLANG_WARN_DIRECT_OBJC_ISA_USAGE = YES_ERROR;
				CLANG_WARN_DOCUMENTATION_COMMENTS = YES;
				CLANG_WARN_EMPTY_BODY = YES;
				CLANG_WARN_ENUM_CONVERSION = YES;
				CLANG_WARN_INFINITE_RECURSION = YES;
				CLANG_WARN_INT_CONVERSION = YES;
				CLANG_WARN_NON_LITERAL_NULL_CONVERSION = YES;
				CLANG_WARN_OBJC_IMPLICIT_RETAIN_SELF = YES;
				CLANG_WARN_OBJC_LITERAL_CONVERSION = YES;
				CLANG_WARN_OBJC_ROOT_CLASS = YES_ERROR;
				CLANG_WARN_QUOTED_INCLUDE_IN_FRAMEWORK_HEADER = YES;
				CLANG_WARN_RANGE_LOOP_ANALYSIS = YES;
				CLANG_WARN_STRICT_PROTOTYPES = YES;
				CLANG_WARN_SUSPICIOUS_MOVE = YES;
				CLANG_WARN_UNGUARDED_AVAILABILITY = YES_AGGRESSIVE;
				CLANG_WARN_UNREACHABLE_CODE = YES;
				CLANG_WARN__DUPLICATE_METHOD_MATCH = YES;
				COPY_PHASE_STRIP = NO;
				DEBUG_INFORMATION_FORMAT = "dwarf-with-dsym";
				ENABLE_NS_ASSERTIONS = NO;
				ENABLE_STRICT_OBJC_MSGSEND = YES;
				GCC_C_LANGUAGE_STANDARD = gnu11;
				GCC_NO_COMMON_BLOCKS = YES;
				GCC_WARN_64_TO_32_BIT_CONVERSION = YES;
				GCC_WARN_ABOUT_RETURN_TYPE = YES_ERROR;
				GCC_WARN_UNDECLARED_SELECTOR = YES;
				GCC_WARN_UNINITIALIZED_AUTOS = YES_AGGRESSIVE;
				GCC_WARN_UNUSED_FUNCTION = YES;
				GCC_WARN_UNUSED_VARIABLE = YES;
				IPHONEOS_DEPLOYMENT_TARGET = 15.5;
				MTL_ENABLE_DEBUG_INFO = NO;
				MTL_FAST_MATH = YES;
				SDKROOT = iphoneos;
				SWIFT_COMPILATION_MODE = wholemodule;
				SWIFT_OPTIMIZATION_LEVEL = "-O";
				VALIDATE_PRODUCT = YES;
			};
			name = Release;
		};
		8BF53C9C28A4257E001B5AC3 /* Debug */ = {
			isa = XCBuildConfiguration;
			buildSettings = {
				ASSETCATALOG_COMPILER_APPICON_NAME = AppIcon;
				ASSETCATALOG_COMPILER_GLOBAL_ACCENT_COLOR_NAME = AccentColor;
				CODE_SIGN_STYLE = Automatic;
				CURRENT_PROJECT_VERSION = 1;
				DEVELOPMENT_TEAM = 35953V9L7K;
				GENERATE_INFOPLIST_FILE = YES;
				INFOPLIST_FILE = ArtDeFond/Info.plist;
				INFOPLIST_KEY_UIApplicationSupportsIndirectInputEvents = YES;
				INFOPLIST_KEY_UILaunchStoryboardName = LaunchScreen;
				INFOPLIST_KEY_UISupportedInterfaceOrientations = UIInterfaceOrientationPortrait;
				INFOPLIST_KEY_UISupportedInterfaceOrientations_iPad = "UIInterfaceOrientationPortrait UIInterfaceOrientationPortraitUpsideDown UIInterfaceOrientationLandscapeLeft UIInterfaceOrientationLandscapeRight";
				INFOPLIST_KEY_UISupportedInterfaceOrientations_iPhone = "UIInterfaceOrientationPortrait UIInterfaceOrientationLandscapeLeft UIInterfaceOrientationLandscapeRight";
				IPHONEOS_DEPLOYMENT_TARGET = 15.0;
				LD_RUNPATH_SEARCH_PATHS = (
					"$(inherited)",
					"@executable_path/Frameworks",
				);
				MARKETING_VERSION = 1.0;
				PRODUCT_BUNDLE_IDENTIFIER = VKSiriusTeam4.ArtDeFond;
				PRODUCT_NAME = "$(TARGET_NAME)";
				SWIFT_EMIT_LOC_STRINGS = YES;
				SWIFT_VERSION = 5.0;
				TARGETED_DEVICE_FAMILY = 1;
			};
			name = Debug;
		};
		8BF53C9D28A4257E001B5AC3 /* Release */ = {
			isa = XCBuildConfiguration;
			buildSettings = {
				ASSETCATALOG_COMPILER_APPICON_NAME = AppIcon;
				ASSETCATALOG_COMPILER_GLOBAL_ACCENT_COLOR_NAME = AccentColor;
				CODE_SIGN_STYLE = Automatic;
				CURRENT_PROJECT_VERSION = 1;
				DEVELOPMENT_TEAM = 35953V9L7K;
				GENERATE_INFOPLIST_FILE = YES;
				INFOPLIST_FILE = ArtDeFond/Info.plist;
				INFOPLIST_KEY_UIApplicationSupportsIndirectInputEvents = YES;
				INFOPLIST_KEY_UILaunchStoryboardName = LaunchScreen;
				INFOPLIST_KEY_UISupportedInterfaceOrientations = UIInterfaceOrientationPortrait;
				INFOPLIST_KEY_UISupportedInterfaceOrientations_iPad = "UIInterfaceOrientationPortrait UIInterfaceOrientationPortraitUpsideDown UIInterfaceOrientationLandscapeLeft UIInterfaceOrientationLandscapeRight";
				INFOPLIST_KEY_UISupportedInterfaceOrientations_iPhone = "UIInterfaceOrientationPortrait UIInterfaceOrientationLandscapeLeft UIInterfaceOrientationLandscapeRight";
				IPHONEOS_DEPLOYMENT_TARGET = 15.0;
				LD_RUNPATH_SEARCH_PATHS = (
					"$(inherited)",
					"@executable_path/Frameworks",
				);
				MARKETING_VERSION = 1.0;
				PRODUCT_BUNDLE_IDENTIFIER = VKSiriusTeam4.ArtDeFond;
				PRODUCT_NAME = "$(TARGET_NAME)";
				SWIFT_EMIT_LOC_STRINGS = YES;
				SWIFT_VERSION = 5.0;
				TARGETED_DEVICE_FAMILY = 1;
			};
			name = Release;
		};
/* End XCBuildConfiguration section */

/* Begin XCConfigurationList section */
		8BF53C8228A42579001B5AC3 /* Build configuration list for PBXProject "ArtDeFond" */ = {
			isa = XCConfigurationList;
			buildConfigurations = (
				8BF53C9928A4257E001B5AC3 /* Debug */,
				8BF53C9A28A4257E001B5AC3 /* Release */,
			);
			defaultConfigurationIsVisible = 0;
			defaultConfigurationName = Release;
		};
		8BF53C9B28A4257E001B5AC3 /* Build configuration list for PBXNativeTarget "ArtDeFond" */ = {
			isa = XCConfigurationList;
			buildConfigurations = (
				8BF53C9C28A4257E001B5AC3 /* Debug */,
				8BF53C9D28A4257E001B5AC3 /* Release */,
			);
			defaultConfigurationIsVisible = 0;
			defaultConfigurationName = Release;
		};
/* End XCConfigurationList section */

/* Begin XCRemoteSwiftPackageReference section */
		2C24973828B17C0300551795 /* XCRemoteSwiftPackageReference "Kingfisher" */ = {
			isa = XCRemoteSwiftPackageReference;
			repositoryURL = "https://github.com/onevcat/Kingfisher";
			requirement = {
				branch = master;
				kind = branch;
			};
		};
		8BAE09E928A4DB07004CD53C /* XCRemoteSwiftPackageReference "firebase-ios-sdk" */ = {
			isa = XCRemoteSwiftPackageReference;
			repositoryURL = "https://github.com/firebase/firebase-ios-sdk";
			requirement = {
				branch = master;
				kind = branch;
			};
		};
		8BE7977628B0317700DC72D9 /* XCRemoteSwiftPackageReference "TPKeyboardAvoiding" */ = {
			isa = XCRemoteSwiftPackageReference;
			repositoryURL = "https://github.com/michaeltyson/TPKeyboardAvoiding";
			requirement = {
				kind = upToNextMajorVersion;
				minimumVersion = 1.0.0;
			};
		};
		8BF2D35C28A4D8F400979D9C /* XCRemoteSwiftPackageReference "SnapKit" */ = {
			isa = XCRemoteSwiftPackageReference;
			repositoryURL = "https://github.com/SnapKit/SnapKit";
			requirement = {
				branch = develop;
				kind = branch;
			};
		};
/* End XCRemoteSwiftPackageReference section */

/* Begin XCSwiftPackageProductDependency section */
		2C24973928B17C0400551795 /* Kingfisher */ = {
			isa = XCSwiftPackageProductDependency;
			package = 2C24973828B17C0300551795 /* XCRemoteSwiftPackageReference "Kingfisher" */;
			productName = Kingfisher;
		};
		8BAE09EA28A4DB07004CD53C /* FirebaseAuth */ = {
			isa = XCSwiftPackageProductDependency;
			package = 8BAE09E928A4DB07004CD53C /* XCRemoteSwiftPackageReference "firebase-ios-sdk" */;
			productName = FirebaseAuth;
		};
		8BAE09EC28A4DB07004CD53C /* FirebaseDatabase */ = {
			isa = XCSwiftPackageProductDependency;
			package = 8BAE09E928A4DB07004CD53C /* XCRemoteSwiftPackageReference "firebase-ios-sdk" */;
			productName = FirebaseDatabase;
		};
		8BAE09EE28A4DB07004CD53C /* FirebaseDatabaseSwift */ = {
			isa = XCSwiftPackageProductDependency;
			package = 8BAE09E928A4DB07004CD53C /* XCRemoteSwiftPackageReference "firebase-ios-sdk" */;
			productName = FirebaseDatabaseSwift;
		};
		8BAE09F028A4DB07004CD53C /* FirebaseFirestore */ = {
			isa = XCSwiftPackageProductDependency;
			package = 8BAE09E928A4DB07004CD53C /* XCRemoteSwiftPackageReference "firebase-ios-sdk" */;
			productName = FirebaseFirestore;
		};
		8BAE09F228A4DB07004CD53C /* FirebaseFirestoreSwift */ = {
			isa = XCSwiftPackageProductDependency;
			package = 8BAE09E928A4DB07004CD53C /* XCRemoteSwiftPackageReference "firebase-ios-sdk" */;
			productName = FirebaseFirestoreSwift;
		};
		8BAE09F428A4DB07004CD53C /* FirebaseMessaging */ = {
			isa = XCSwiftPackageProductDependency;
			package = 8BAE09E928A4DB07004CD53C /* XCRemoteSwiftPackageReference "firebase-ios-sdk" */;
			productName = FirebaseMessaging;
		};
		8BAE09F628A4DB07004CD53C /* FirebaseStorage */ = {
			isa = XCSwiftPackageProductDependency;
			package = 8BAE09E928A4DB07004CD53C /* XCRemoteSwiftPackageReference "firebase-ios-sdk" */;
			productName = FirebaseStorage;
		};
		8BE7977728B0317700DC72D9 /* TPKeyboardAvoiding */ = {
			isa = XCSwiftPackageProductDependency;
			package = 8BE7977628B0317700DC72D9 /* XCRemoteSwiftPackageReference "TPKeyboardAvoiding" */;
			productName = TPKeyboardAvoiding;
		};
		8BF2D35D28A4D8F400979D9C /* SnapKit */ = {
			isa = XCSwiftPackageProductDependency;
			package = 8BF2D35C28A4D8F400979D9C /* XCRemoteSwiftPackageReference "SnapKit" */;
			productName = SnapKit;
		};
/* End XCSwiftPackageProductDependency section */
	};
	rootObject = 8BF53C7F28A42579001B5AC3 /* Project object */;
}
